
Microsoft Visual Studio Solution File, Format Version 12.00
# Visual Studio Version 17
VisualStudioVersion = 17.13.35931.197 d17.13
MinimumVisualStudioVersion = 10.0.40219.1
Project("{FAE04EC0-301F-11D3-BF4B-00C04F79EFBC}") = "Atv4", "Atv4\Atv4.csproj", "{EB1CBA9C-B9AB-4D07-BBCD-7F510095198C}"
EndProject
Global
	GlobalSection(SolutionConfigurationPlatforms) = preSolution
		Debug|Any CPU = Debug|Any CPU
		Release|Any CPU = Release|Any CPU
	EndGlobalSection
	GlobalSection(ProjectConfigurationPlatforms) = postSolution
		{EB1CBA9C-B9AB-4D07-BBCD-7F510095198C}.Debug|Any CPU.ActiveCfg = Debug|Any CPU
		{EB1CBA9C-B9AB-4D07-BBCD-7F510095198C}.Debug|Any CPU.Build.0 = Debug|Any CPU
		{EB1CBA9C-B9AB-4D07-BBCD-7F510095198C}.Release|Any CPU.ActiveCfg = Release|Any CPU
		{EB1CBA9C-B9AB-4D07-BBCD-7F510095198C}.Release|Any CPU.Build.0 = Release|Any CPU
	EndGlobalSection
	GlobalSection(SolutionProperties) = preSolution
		HideSolutionNode = FALSE
	EndGlobalSection
	GlobalSection(ExtensibilityGlobals) = postSolution
		SolutionGuid = {F231B605-9C43-42F7-9988-F70C6F36014D}
	EndGlobalSection
EndGlobal
