
Microsoft Visual Studio Solution File, Format Version 12.00
# Visual Studio Version 17
VisualStudioVersion = 17.13.35931.197 d17.13
MinimumVisualStudioVersion = 10.0.40219.1
Project("{FAE04EC0-301F-11D3-BF4B-00C04F79EFBC}") = "Atv5", "Atv5\Atv5.csproj", "{56CE88F8-DEBC-491D-86BD-4A8553A30DAF}"
EndProject
Global
	GlobalSection(SolutionConfigurationPlatforms) = preSolution
		Debug|Any CPU = Debug|Any CPU
		Release|Any CPU = Release|Any CPU
	EndGlobalSection
	GlobalSection(ProjectConfigurationPlatforms) = postSolution
		{56CE88F8-DEBC-491D-86BD-4A8553A30DAF}.Debug|Any CPU.ActiveCfg = Debug|Any CPU
		{56CE88F8-DEBC-491D-86BD-4A8553A30DAF}.Debug|Any CPU.Build.0 = Debug|Any CPU
		{56CE88F8-DEBC-491D-86BD-4A8553A30DAF}.Release|Any CPU.ActiveCfg = Release|Any CPU
		{56CE88F8-DEBC-491D-86BD-4A8553A30DAF}.Release|Any CPU.Build.0 = Release|Any CPU
	EndGlobalSection
	GlobalSection(SolutionProperties) = preSolution
		HideSolutionNode = FALSE
	EndGlobalSection
	GlobalSection(ExtensibilityGlobals) = postSolution
		SolutionGuid = {1C43CA2C-76FA-480D-BF4D-ED3FCE67C24D}
	EndGlobalSection
EndGlobal
